// !$*UTF8*$!
{
	archiveVersion = 1;
	classes = {
	};
	objectVersion = 46;
	objects = {

/* Begin PBXBuildFile section */
		2678E84183EA14A16A615312 /* Pods_MapWatch_2.framework in Frameworks */ = {isa = PBXBuildFile; fileRef = 4A6552041C2E3C5497C58877 /* Pods_MapWatch_2.framework */; };
		FF1F32551FA59DD200403A1A /* MapViewController.swift in Sources */ = {isa = PBXBuildFile; fileRef = FF1F32541FA59DD200403A1A /* MapViewController.swift */; };
		FF7BF2241FAE71CF0079882E /* FoodService.swift in Sources */ = {isa = PBXBuildFile; fileRef = FF7BF2231FAE71CF0079882E /* FoodService.swift */; };
		FF7BF2291FAE939A0079882E /* UserService.swift in Sources */ = {isa = PBXBuildFile; fileRef = FF7BF2281FAE939A0079882E /* UserService.swift */; };
		FFCB79BE1F8EDDB1005FC32A /* HomeViewController.swift in Sources */ = {isa = PBXBuildFile; fileRef = FFCB79B91F8EDDB1005FC32A /* HomeViewController.swift */; };
		FFCB79BF1F8EDDB1005FC32A /* LaunchScreen.storyboard in Resources */ = {isa = PBXBuildFile; fileRef = FFCB79BA1F8EDDB1005FC32A /* LaunchScreen.storyboard */; };
		FFCB79C01F8EDDB1005FC32A /* Main.storyboard in Resources */ = {isa = PBXBuildFile; fileRef = FFCB79BB1F8EDDB1005FC32A /* Main.storyboard */; };
		FFCB79C11F8EDDB1005FC32A /* GoogleService-Info.plist in Resources */ = {isa = PBXBuildFile; fileRef = FFCB79BC1F8EDDB1005FC32A /* GoogleService-Info.plist */; };
		FFCB79CA1F93F693005FC32A /* LoginViewController.swift in Sources */ = {isa = PBXBuildFile; fileRef = FFCB79C91F93F693005FC32A /* LoginViewController.swift */; };
		FFCB79CE1F942131005FC32A /* UIColor+Utility.swift in Sources */ = {isa = PBXBuildFile; fileRef = FFCB79CD1F942131005FC32A /* UIColor+Utility.swift */; };
		FFCB79D01F9437D8005FC32A /* Constants.swift in Sources */ = {isa = PBXBuildFile; fileRef = FFCB79CF1F9437D8005FC32A /* Constants.swift */; };
		FFEDD82D1F89E2FD00114AE8 /* AppDelegate.swift in Sources */ = {isa = PBXBuildFile; fileRef = FFEDD82C1F89E2FD00114AE8 /* AppDelegate.swift */; };
		FFEDD8341F89E2FD00114AE8 /* Assets.xcassets in Resources */ = {isa = PBXBuildFile; fileRef = FFEDD8331F89E2FD00114AE8 /* Assets.xcassets */; };
/* End PBXBuildFile section */

/* Begin PBXFileReference section */
		4A6552041C2E3C5497C58877 /* Pods_MapWatch_2.framework */ = {isa = PBXFileReference; explicitFileType = wrapper.framework; includeInIndex = 0; path = Pods_MapWatch_2.framework; sourceTree = BUILT_PRODUCTS_DIR; };
		75D42FDC26FBEEA10693866C /* Pods-MapWatch 2.release.xcconfig */ = {isa = PBXFileReference; includeInIndex = 1; lastKnownFileType = text.xcconfig; name = "Pods-MapWatch 2.release.xcconfig"; path = "Pods/Target Support Files/Pods-MapWatch 2/Pods-MapWatch 2.release.xcconfig"; sourceTree = "<group>"; };
		8FC6776795592FAD36BE8810 /* Pods-MapWatch 2.debug.xcconfig */ = {isa = PBXFileReference; includeInIndex = 1; lastKnownFileType = text.xcconfig; name = "Pods-MapWatch 2.debug.xcconfig"; path = "Pods/Target Support Files/Pods-MapWatch 2/Pods-MapWatch 2.debug.xcconfig"; sourceTree = "<group>"; };
		FF1F32541FA59DD200403A1A /* MapViewController.swift */ = {isa = PBXFileReference; fileEncoding = 4; lastKnownFileType = sourcecode.swift; name = MapViewController.swift; path = Controllers/MapViewController.swift; sourceTree = "<group>"; };
		FF7BF2231FAE71CF0079882E /* FoodService.swift */ = {isa = PBXFileReference; fileEncoding = 4; lastKnownFileType = sourcecode.swift; name = FoodService.swift; path = Services/FoodService.swift; sourceTree = "<group>"; };
		FF7BF2281FAE939A0079882E /* UserService.swift */ = {isa = PBXFileReference; fileEncoding = 4; lastKnownFileType = sourcecode.swift; name = UserService.swift; path = Services/UserService.swift; sourceTree = "<group>"; };
		FFCB79B91F8EDDB1005FC32A /* HomeViewController.swift */ = {isa = PBXFileReference; fileEncoding = 4; lastKnownFileType = sourcecode.swift; name = HomeViewController.swift; path = Controllers/HomeViewController.swift; sourceTree = "<group>"; };
		FFCB79BA1F8EDDB1005FC32A /* LaunchScreen.storyboard */ = {isa = PBXFileReference; fileEncoding = 4; lastKnownFileType = file.storyboard; name = LaunchScreen.storyboard; path = Storyboards/LaunchScreen.storyboard; sourceTree = "<group>"; };
		FFCB79BB1F8EDDB1005FC32A /* Main.storyboard */ = {isa = PBXFileReference; fileEncoding = 4; lastKnownFileType = file.storyboard; name = Main.storyboard; path = Storyboards/Main.storyboard; sourceTree = "<group>"; };
		FFCB79BC1F8EDDB1005FC32A /* GoogleService-Info.plist */ = {isa = PBXFileReference; fileEncoding = 4; lastKnownFileType = text.plist.xml; name = "GoogleService-Info.plist"; path = "Supporting/GoogleService-Info.plist"; sourceTree = "<group>"; };
		FFCB79BD1F8EDDB1005FC32A /* Info.plist */ = {isa = PBXFileReference; fileEncoding = 4; lastKnownFileType = text.plist.xml; name = Info.plist; path = Supporting/Info.plist; sourceTree = "<group>"; };
		FFCB79C91F93F693005FC32A /* LoginViewController.swift */ = {isa = PBXFileReference; fileEncoding = 4; lastKnownFileType = sourcecode.swift; name = LoginViewController.swift; path = Controllers/LoginViewController.swift; sourceTree = "<group>"; };
		FFCB79CD1F942131005FC32A /* UIColor+Utility.swift */ = {isa = PBXFileReference; fileEncoding = 4; lastKnownFileType = sourcecode.swift; name = "UIColor+Utility.swift"; path = "Extensions/UIColor+Utility.swift"; sourceTree = "<group>"; };
		FFCB79CF1F9437D8005FC32A /* Constants.swift */ = {isa = PBXFileReference; fileEncoding = 4; lastKnownFileType = sourcecode.swift; name = Constants.swift; path = Supporting/Constants.swift; sourceTree = "<group>"; };
		FFEDD8291F89E2FD00114AE8 /* MapWatch 2.app */ = {isa = PBXFileReference; explicitFileType = wrapper.application; includeInIndex = 0; path = "MapWatch 2.app"; sourceTree = BUILT_PRODUCTS_DIR; };
		FFEDD82C1F89E2FD00114AE8 /* AppDelegate.swift */ = {isa = PBXFileReference; lastKnownFileType = sourcecode.swift; path = AppDelegate.swift; sourceTree = "<group>"; };
		FFEDD8331F89E2FD00114AE8 /* Assets.xcassets */ = {isa = PBXFileReference; lastKnownFileType = folder.assetcatalog; path = Assets.xcassets; sourceTree = "<group>"; };
/* End PBXFileReference section */

/* Begin PBXFrameworksBuildPhase section */
		FFEDD8261F89E2FD00114AE8 /* Frameworks */ = {
			isa = PBXFrameworksBuildPhase;
			buildActionMask = 2147483647;
			files = (
				2678E84183EA14A16A615312 /* Pods_MapWatch_2.framework in Frameworks */,
			);
			runOnlyForDeploymentPostprocessing = 0;
		};
/* End PBXFrameworksBuildPhase section */

/* Begin PBXGroup section */
		A3AEE8FEA12C1D34CDA54407 /* Frameworks */ = {
			isa = PBXGroup;
			children = (
				4A6552041C2E3C5497C58877 /* Pods_MapWatch_2.framework */,
			);
			name = Frameworks;
			sourceTree = "<group>";
		};
		D381024930D0D9ADCBFBA21F /* Pods */ = {
			isa = PBXGroup;
			children = (
				8FC6776795592FAD36BE8810 /* Pods-MapWatch 2.debug.xcconfig */,
				75D42FDC26FBEEA10693866C /* Pods-MapWatch 2.release.xcconfig */,
			);
			name = Pods;
			sourceTree = "<group>";
		};
		FF7BF2251FAE71D60079882E /* Services */ = {
			isa = PBXGroup;
			children = (
				FF7BF2281FAE939A0079882E /* UserService.swift */,
				FF7BF2231FAE71CF0079882E /* FoodService.swift */,
			);
			name = Services;
			sourceTree = "<group>";
		};
		FFCB79C41F8EE067005FC32A /* View Controllers */ = {
			isa = PBXGroup;
			children = (
				FFCB79C91F93F693005FC32A /* LoginViewController.swift */,
				FFCB79B91F8EDDB1005FC32A /* HomeViewController.swift */,
				FF1F32541FA59DD200403A1A /* MapViewController.swift */,
			);
			name = "View Controllers";
			sourceTree = "<group>";
		};
		FFCB79C61F8EE0A4005FC32A /* Storyboards */ = {
			isa = PBXGroup;
			children = (
				FFCB79BA1F8EDDB1005FC32A /* LaunchScreen.storyboard */,
				FFCB79BB1F8EDDB1005FC32A /* Main.storyboard */,
			);
			name = Storyboards;
			sourceTree = "<group>";
		};
		FFCB79CC1F9420D7005FC32A /* Extensions */ = {
			isa = PBXGroup;
			children = (
				FFCB79CD1F942131005FC32A /* UIColor+Utility.swift */,
			);
			name = Extensions;
			sourceTree = "<group>";
		};
		FFCB79D11F9437DD005FC32A /* Supporting */ = {
			isa = PBXGroup;
			children = (
				FFCB79CF1F9437D8005FC32A /* Constants.swift */,
				FFCB79BC1F8EDDB1005FC32A /* GoogleService-Info.plist */,
				FFCB79BD1F8EDDB1005FC32A /* Info.plist */,
			);
			name = Supporting;
			sourceTree = "<group>";
		};
		FFEDD8201F89E2FD00114AE8 = {
			isa = PBXGroup;
			children = (
				FFEDD82B1F89E2FD00114AE8 /* MapWatch 2 */,
				FFEDD82A1F89E2FD00114AE8 /* Products */,
				D381024930D0D9ADCBFBA21F /* Pods */,
				A3AEE8FEA12C1D34CDA54407 /* Frameworks */,
			);
			sourceTree = "<group>";
		};
		FFEDD82A1F89E2FD00114AE8 /* Products */ = {
			isa = PBXGroup;
			children = (
				FFEDD8291F89E2FD00114AE8 /* MapWatch 2.app */,
			);
			name = Products;
			sourceTree = "<group>";
		};
		FFEDD82B1F89E2FD00114AE8 /* MapWatch 2 */ = {
			isa = PBXGroup;
			children = (
				FFEDD82C1F89E2FD00114AE8 /* AppDelegate.swift */,
				FFCB79C41F8EE067005FC32A /* View Controllers */,
				FFCB79CC1F9420D7005FC32A /* Extensions */,
				FFCB79D11F9437DD005FC32A /* Supporting */,
				FF7BF2251FAE71D60079882E /* Services */,
				FFCB79C61F8EE0A4005FC32A /* Storyboards */,
				FFEDD8331F89E2FD00114AE8 /* Assets.xcassets */,
			);
			path = "MapWatch 2";
			sourceTree = "<group>";
		};
/* End PBXGroup section */

/* Begin PBXNativeTarget section */
		FFEDD8281F89E2FD00114AE8 /* MapWatch 2 */ = {
			isa = PBXNativeTarget;
			buildConfigurationList = FFEDD83B1F89E2FD00114AE8 /* Build configuration list for PBXNativeTarget "MapWatch 2" */;
			buildPhases = (
				FDA150972C8265E68551B297 /* [CP] Check Pods Manifest.lock */,
				FFEDD8251F89E2FD00114AE8 /* Sources */,
				FFEDD8261F89E2FD00114AE8 /* Frameworks */,
				FFEDD8271F89E2FD00114AE8 /* Resources */,
				E02691E92046354D4A4B99C6 /* [CP] Embed Pods Frameworks */,
				EC632C6957BFD65175CF7EB6 /* [CP] Copy Pods Resources */,
			);
			buildRules = (
			);
			dependencies = (
			);
			name = "MapWatch 2";
			productName = "MapWatch 2";
			productReference = FFEDD8291F89E2FD00114AE8 /* MapWatch 2.app */;
			productType = "com.apple.product-type.application";
		};
/* End PBXNativeTarget section */

/* Begin PBXProject section */
		FFEDD8211F89E2FD00114AE8 /* Project object */ = {
			isa = PBXProject;
			attributes = {
				LastSwiftUpdateCheck = 0830;
				LastUpgradeCheck = 0830;
				ORGANIZATIONNAME = JoeSuzuki;
				TargetAttributes = {
					FFEDD8281F89E2FD00114AE8 = {
						CreatedOnToolsVersion = 8.3.2;
						DevelopmentTeam = H8ZPW869Y2;
						ProvisioningStyle = Automatic;
						SystemCapabilities = {
							com.apple.BackgroundModes = {
								enabled = 1;
							};
						};
					};
				};
			};
			buildConfigurationList = FFEDD8241F89E2FD00114AE8 /* Build configuration list for PBXProject "MapWatch 2" */;
			compatibilityVersion = "Xcode 3.2";
			developmentRegion = English;
			hasScannedForEncodings = 0;
			knownRegions = (
				en,
				Base,
			);
			mainGroup = FFEDD8201F89E2FD00114AE8;
			productRefGroup = FFEDD82A1F89E2FD00114AE8 /* Products */;
			projectDirPath = "";
			projectRoot = "";
			targets = (
				FFEDD8281F89E2FD00114AE8 /* MapWatch 2 */,
			);
		};
/* End PBXProject section */

/* Begin PBXResourcesBuildPhase section */
		FFEDD8271F89E2FD00114AE8 /* Resources */ = {
			isa = PBXResourcesBuildPhase;
			buildActionMask = 2147483647;
			files = (
				FFCB79C01F8EDDB1005FC32A /* Main.storyboard in Resources */,
				FFCB79C11F8EDDB1005FC32A /* GoogleService-Info.plist in Resources */,
				FFEDD8341F89E2FD00114AE8 /* Assets.xcassets in Resources */,
				FFCB79BF1F8EDDB1005FC32A /* LaunchScreen.storyboard in Resources */,
			);
			runOnlyForDeploymentPostprocessing = 0;
		};
/* End PBXResourcesBuildPhase section */

/* Begin PBXShellScriptBuildPhase section */
		E02691E92046354D4A4B99C6 /* [CP] Embed Pods Frameworks */ = {
			isa = PBXShellScriptBuildPhase;
			buildActionMask = 2147483647;
			files = (
			);
			inputPaths = (
			);
			name = "[CP] Embed Pods Frameworks";
			outputPaths = (
			);
			runOnlyForDeploymentPostprocessing = 0;
			shellPath = /bin/sh;
			shellScript = "\"${SRCROOT}/Pods/Target Support Files/Pods-MapWatch 2/Pods-MapWatch 2-frameworks.sh\"\n";
			showEnvVarsInLog = 0;
		};
		EC632C6957BFD65175CF7EB6 /* [CP] Copy Pods Resources */ = {
			isa = PBXShellScriptBuildPhase;
			buildActionMask = 2147483647;
			files = (
			);
			inputPaths = (
			);
			name = "[CP] Copy Pods Resources";
			outputPaths = (
			);
			runOnlyForDeploymentPostprocessing = 0;
			shellPath = /bin/sh;
			shellScript = "\"${SRCROOT}/Pods/Target Support Files/Pods-MapWatch 2/Pods-MapWatch 2-resources.sh\"\n";
			showEnvVarsInLog = 0;
		};
		FDA150972C8265E68551B297 /* [CP] Check Pods Manifest.lock */ = {
			isa = PBXShellScriptBuildPhase;
			buildActionMask = 2147483647;
			files = (
			);
			inputPaths = (
			);
			name = "[CP] Check Pods Manifest.lock";
			outputPaths = (
			);
			runOnlyForDeploymentPostprocessing = 0;
			shellPath = /bin/sh;
			shellScript = "diff \"${PODS_PODFILE_DIR_PATH}/Podfile.lock\" \"${PODS_ROOT}/Manifest.lock\" > /dev/null\nif [ $? != 0 ] ; then\n    # print error to STDERR\n    echo \"error: The sandbox is not in sync with the Podfile.lock. Run 'pod install' or update your CocoaPods installation.\" >&2\n    exit 1\nfi\n";
			showEnvVarsInLog = 0;
		};
/* End PBXShellScriptBuildPhase section */

/* Begin PBXSourcesBuildPhase section */
		FFEDD8251F89E2FD00114AE8 /* Sources */ = {
			isa = PBXSourcesBuildPhase;
			buildActionMask = 2147483647;
			files = (
				FFCB79D01F9437D8005FC32A /* Constants.swift in Sources */,
				FF7BF2291FAE939A0079882E /* UserService.swift in Sources */,
				FF1F32551FA59DD200403A1A /* MapViewController.swift in Sources */,
				FFCB79CE1F942131005FC32A /* UIColor+Utility.swift in Sources */,
				FFCB79CA1F93F693005FC32A /* LoginViewController.swift in Sources */,
				FFCB79BE1F8EDDB1005FC32A /* HomeViewController.swift in Sources */,
				FFEDD82D1F89E2FD00114AE8 /* AppDelegate.swift in Sources */,
				FF7BF2241FAE71CF0079882E /* FoodService.swift in Sources */,
			);
			runOnlyForDeploymentPostprocessing = 0;
		};
/* End PBXSourcesBuildPhase section */

/* Begin XCBuildConfiguration section */
		FFEDD8391F89E2FD00114AE8 /* Debug */ = {
			isa = XCBuildConfiguration;
			buildSettings = {
				ALWAYS_SEARCH_USER_PATHS = NO;
				CLANG_ANALYZER_NONNULL = YES;
				CLANG_ANALYZER_NUMBER_OBJECT_CONVERSION = YES_AGGRESSIVE;
				CLANG_CXX_LANGUAGE_STANDARD = "gnu++0x";
				CLANG_CXX_LIBRARY = "libc++";
				CLANG_ENABLE_MODULES = YES;
				CLANG_ENABLE_OBJC_ARC = YES;
				CLANG_WARN_BOOL_CONVERSION = YES;
				CLANG_WARN_CONSTANT_CONVERSION = YES;
				CLANG_WARN_DIRECT_OBJC_ISA_USAGE = YES_ERROR;
				CLANG_WARN_DOCUMENTATION_COMMENTS = YES;
				CLANG_WARN_EMPTY_BODY = YES;
				CLANG_WARN_ENUM_CONVERSION = YES;
				CLANG_WARN_INFINITE_RECURSION = YES;
				CLANG_WARN_INT_CONVERSION = YES;
				CLANG_WARN_OBJC_ROOT_CLASS = YES_ERROR;
				CLANG_WARN_SUSPICIOUS_MOVE = YES;
				CLANG_WARN_UNREACHABLE_CODE = YES;
				CLANG_WARN__DUPLICATE_METHOD_MATCH = YES;
				"CODE_SIGN_IDENTITY[sdk=iphoneos*]" = "iPhone Developer";
				COPY_PHASE_STRIP = NO;
				DEBUG_INFORMATION_FORMAT = dwarf;
				ENABLE_STRICT_OBJC_MSGSEND = YES;
				ENABLE_TESTABILITY = YES;
				GCC_C_LANGUAGE_STANDARD = gnu99;
				GCC_DYNAMIC_NO_PIC = NO;
				GCC_NO_COMMON_BLOCKS = YES;
				GCC_OPTIMIZATION_LEVEL = 0;
				GCC_PREPROCESSOR_DEFINITIONS = (
					"DEBUG=1",
					"$(inherited)",
				);
				GCC_WARN_64_TO_32_BIT_CONVERSION = YES;
				GCC_WARN_ABOUT_RETURN_TYPE = YES_ERROR;
				GCC_WARN_UNDECLARED_SELECTOR = YES;
				GCC_WARN_UNINITIALIZED_AUTOS = YES_AGGRESSIVE;
				GCC_WARN_UNUSED_FUNCTION = YES;
				GCC_WARN_UNUSED_VARIABLE = YES;
				IPHONEOS_DEPLOYMENT_TARGET = 10.3;
				MTL_ENABLE_DEBUG_INFO = YES;
				ONLY_ACTIVE_ARCH = YES;
				SDKROOT = iphoneos;
				SWIFT_ACTIVE_COMPILATION_CONDITIONS = DEBUG;
				SWIFT_OPTIMIZATION_LEVEL = "-Onone";
			};
			name = Debug;
		};
		FFEDD83A1F89E2FD00114AE8 /* Release */ = {
			isa = XCBuildConfiguration;
			buildSettings = {
				ALWAYS_SEARCH_USER_PATHS = NO;
				CLANG_ANALYZER_NONNULL = YES;
				CLANG_ANALYZER_NUMBER_OBJECT_CONVERSION = YES_AGGRESSIVE;
				CLANG_CXX_LANGUAGE_STANDARD = "gnu++0x";
				CLANG_CXX_LIBRARY = "libc++";
				CLANG_ENABLE_MODULES = YES;
				CLANG_ENABLE_OBJC_ARC = YES;
				CLANG_WARN_BOOL_CONVERSION = YES;
				CLANG_WARN_CONSTANT_CONVERSION = YES;
				CLANG_WARN_DIRECT_OBJC_ISA_USAGE = YES_ERROR;
				CLANG_WARN_DOCUMENTATION_COMMENTS = YES;
				CLANG_WARN_EMPTY_BODY = YES;
				CLANG_WARN_ENUM_CONVERSION = YES;
				CLANG_WARN_INFINITE_RECURSION = YES;
				CLANG_WARN_INT_CONVERSION = YES;
				CLANG_WARN_OBJC_ROOT_CLASS = YES_ERROR;
				CLANG_WARN_SUSPICIOUS_MOVE = YES;
				CLANG_WARN_UNREACHABLE_CODE = YES;
				CLANG_WARN__DUPLICATE_METHOD_MATCH = YES;
				"CODE_SIGN_IDENTITY[sdk=iphoneos*]" = "iPhone Developer";
				COPY_PHASE_STRIP = NO;
				DEBUG_INFORMATION_FORMAT = "dwarf-with-dsym";
				ENABLE_NS_ASSERTIONS = NO;
				ENABLE_STRICT_OBJC_MSGSEND = YES;
				GCC_C_LANGUAGE_STANDARD = gnu99;
				GCC_NO_COMMON_BLOCKS = YES;
				GCC_WARN_64_TO_32_BIT_CONVERSION = YES;
				GCC_WARN_ABOUT_RETURN_TYPE = YES_ERROR;
				GCC_WARN_UNDECLARED_SELECTOR = YES;
				GCC_WARN_UNINITIALIZED_AUTOS = YES_AGGRESSIVE;
				GCC_WARN_UNUSED_FUNCTION = YES;
				GCC_WARN_UNUSED_VARIABLE = YES;
				IPHONEOS_DEPLOYMENT_TARGET = 10.3;
				MTL_ENABLE_DEBUG_INFO = NO;
				SDKROOT = iphoneos;
				SWIFT_OPTIMIZATION_LEVEL = "-Owholemodule";
				VALIDATE_PRODUCT = YES;
			};
			name = Release;
		};
		FFEDD83C1F89E2FD00114AE8 /* Debug */ = {
			isa = XCBuildConfiguration;
			baseConfigurationReference = 8FC6776795592FAD36BE8810 /* Pods-MapWatch 2.debug.xcconfig */;
			buildSettings = {
				ASSETCATALOG_COMPILER_APPICON_NAME = AppIcon;
				DEVELOPMENT_TEAM = H8ZPW869Y2;
				INFOPLIST_FILE = "$(SRCROOT)/MapWatch 2/Supporting/Info.plist";
				LD_RUNPATH_SEARCH_PATHS = "$(inherited) @executable_path/Frameworks";
				PRODUCT_BUNDLE_IDENTIFIER = "com.Jsuzuki.MapWatch-2";
				PRODUCT_NAME = "$(TARGET_NAME)";
				SWIFT_VERSION = 3.0;
			};
			name = Debug;
		};
		FFEDD83D1F89E2FD00114AE8 /* Release */ = {
			isa = XCBuildConfiguration;
			baseConfigurationReference = 75D42FDC26FBEEA10693866C /* Pods-MapWatch 2.release.xcconfig */;
			buildSettings = {
				ASSETCATALOG_COMPILER_APPICON_NAME = AppIcon;
				DEVELOPMENT_TEAM = H8ZPW869Y2;
				INFOPLIST_FILE = "$(SRCROOT)/MapWatch 2/Supporting/Info.plist";
				LD_RUNPATH_SEARCH_PATHS = "$(inherited) @executable_path/Frameworks";
				PRODUCT_BUNDLE_IDENTIFIER = "com.Jsuzuki.MapWatch-2";
				PRODUCT_NAME = "$(TARGET_NAME)";
				SWIFT_VERSION = 3.0;
			};
			name = Release;
		};
/* End XCBuildConfiguration section */

/* Begin XCConfigurationList section */
		FFEDD8241F89E2FD00114AE8 /* Build configuration list for PBXProject "MapWatch 2" */ = {
			isa = XCConfigurationList;
			buildConfigurations = (
				FFEDD8391F89E2FD00114AE8 /* Debug */,
				FFEDD83A1F89E2FD00114AE8 /* Release */,
			);
			defaultConfigurationIsVisible = 0;
			defaultConfigurationName = Release;
		};
		FFEDD83B1F89E2FD00114AE8 /* Build configuration list for PBXNativeTarget "MapWatch 2" */ = {
			isa = XCConfigurationList;
			buildConfigurations = (
				FFEDD83C1F89E2FD00114AE8 /* Debug */,
				FFEDD83D1F89E2FD00114AE8 /* Release */,
			);
			defaultConfigurationIsVisible = 0;
			defaultConfigurationName = Release;
		};
/* End XCConfigurationList section */
	};
	rootObject = FFEDD8211F89E2FD00114AE8 /* Project object */;
}
