// !$*UTF8*$!
{
	archiveVersion = 1;
	classes = {
	};
	objectVersion = 46;
	objects = {

/* Begin PBXBuildFile section */
		2A37F39AEFE5AB98B9C0A412 /* Pods_Mapwatch.framework in Frameworks */ = {isa = PBXBuildFile; fileRef = 0B4B7A6CEAE6C0D4AB1956F1 /* Pods_Mapwatch.framework */; };
		FFFCB2BF1F1E5FB90097A62D /* AppDelegate.swift in Sources */ = {isa = PBXBuildFile; fileRef = FFFCB2BE1F1E5FB90097A62D /* AppDelegate.swift */; };
		FFFCB2C41F1E5FB90097A62D /* Main.storyboard in Resources */ = {isa = PBXBuildFile; fileRef = FFFCB2C21F1E5FB90097A62D /* Main.storyboard */; };
		FFFCB2C61F1E5FB90097A62D /* Assets.xcassets in Resources */ = {isa = PBXBuildFile; fileRef = FFFCB2C51F1E5FB90097A62D /* Assets.xcassets */; };
		FFFCB2C91F1E5FB90097A62D /* LaunchScreen.storyboard in Resources */ = {isa = PBXBuildFile; fileRef = FFFCB2C71F1E5FB90097A62D /* LaunchScreen.storyboard */; };
		FFFCB2D21F1E634B0097A62D /* MapView.storyboard in Resources */ = {isa = PBXBuildFile; fileRef = FFFCB2D01F1E634B0097A62D /* MapView.storyboard */; };
		FFFCB2D41F1E63C30097A62D /* MapViewController.swift in Sources */ = {isa = PBXBuildFile; fileRef = FFFCB2D31F1E63C30097A62D /* MapViewController.swift */; };
		FFFCB2D81F1E640E0097A62D /* CoreLocation.framework in Frameworks */ = {isa = PBXBuildFile; fileRef = FFFCB2D71F1E640E0097A62D /* CoreLocation.framework */; };
		FFFCB2DD1F1E77250097A62D /* Preference.storyboard in Resources */ = {isa = PBXBuildFile; fileRef = FFFCB2DB1F1E77250097A62D /* Preference.storyboard */; };
		FFFCB2DF1F1E91F50097A62D /* AddLocationsViewController.swift in Sources */ = {isa = PBXBuildFile; fileRef = FFFCB2DE1F1E91F50097A62D /* AddLocationsViewController.swift */; };
		FFFCB2EB1F1FA2480097A62D /* GoogleService-Info.plist in Resources */ = {isa = PBXBuildFile; fileRef = FFFCB2EA1F1FA2480097A62D /* GoogleService-Info.plist */; };
		FFFCB2F81F1FAE180097A62D /* YelpClient.swift in Sources */ = {isa = PBXBuildFile; fileRef = FFFCB2F71F1FAE180097A62D /* YelpClient.swift */; };
		FFFCB3161F1FB14E0097A62D /* Business.swift in Sources */ = {isa = PBXBuildFile; fileRef = FFFCB3141F1FB14E0097A62D /* Business.swift */; };
		FFFCB3171F1FB14E0097A62D /* BusinesssAnnotation.swift in Sources */ = {isa = PBXBuildFile; fileRef = FFFCB3151F1FB14E0097A62D /* BusinesssAnnotation.swift */; };
		FFFCB3251F1FE0DE0097A62D /* RestrictionViewController.swift in Sources */ = {isa = PBXBuildFile; fileRef = FFFCB3241F1FE0DE0097A62D /* RestrictionViewController.swift */; };
		FFFCB3271F1FE1250097A62D /* TableViewController.swift in Sources */ = {isa = PBXBuildFile; fileRef = FFFCB3261F1FE1250097A62D /* TableViewController.swift */; };
		FFFCB32C1F1FF5040097A62D /* TableOfRestrictedFood.storyboard in Resources */ = {isa = PBXBuildFile; fileRef = FFFCB32A1F1FF5040097A62D /* TableOfRestrictedFood.storyboard */; };
		FFFCB35C1F2024880097A62D /* CreateUsernameViewController.swift in Sources */ = {isa = PBXBuildFile; fileRef = FFFCB3351F2024880097A62D /* CreateUsernameViewController.swift */; };
		FFFCB35D1F2024880097A62D /*  DatabaseReference+Location.swift in Sources */ = {isa = PBXBuildFile; fileRef = FFFCB3371F2024880097A62D /*  DatabaseReference+Location.swift */; };
		FFFCB35E1F2024880097A62D /* Storyboard+Utility.swift in Sources */ = {isa = PBXBuildFile; fileRef = FFFCB3381F2024880097A62D /* Storyboard+Utility.swift */; };
		FFFCB3651F2024880097A62D /* LoginViewController.swift in Sources */ = {isa = PBXBuildFile; fileRef = FFFCB3401F2024880097A62D /* LoginViewController.swift */; };
		FFFCB3681F2024880097A62D /* User.swift in Sources */ = {isa = PBXBuildFile; fileRef = FFFCB3441F2024880097A62D /* User.swift */; };
		FFFCB36E1F2024880097A62D /* UserService.swift in Sources */ = {isa = PBXBuildFile; fileRef = FFFCB34B1F2024880097A62D /* UserService.swift */; };
		FFFCB3721F2024880097A62D /* Login.storyboard in Resources */ = {isa = PBXBuildFile; fileRef = FFFCB3501F2024880097A62D /* Login.storyboard */; };
		FFFCB37A1F2025DF0097A62D /* Constants.swift in Sources */ = {isa = PBXBuildFile; fileRef = FFFCB3791F2025DF0097A62D /* Constants.swift */; };
/* End PBXBuildFile section */

/* Begin PBXFileReference section */
		0B4B7A6CEAE6C0D4AB1956F1 /* Pods_Mapwatch.framework */ = {isa = PBXFileReference; explicitFileType = wrapper.framework; includeInIndex = 0; path = Pods_Mapwatch.framework; sourceTree = BUILT_PRODUCTS_DIR; };
		A00DC3A7E9905391225CFFBF /* Pods-Mapwatch.debug.xcconfig */ = {isa = PBXFileReference; includeInIndex = 1; lastKnownFileType = text.xcconfig; name = "Pods-Mapwatch.debug.xcconfig"; path = "Pods/Target Support Files/Pods-Mapwatch/Pods-Mapwatch.debug.xcconfig"; sourceTree = "<group>"; };
		CA3304751C525E67FFCE7AB5 /* Pods-Mapwatch.release.xcconfig */ = {isa = PBXFileReference; includeInIndex = 1; lastKnownFileType = text.xcconfig; name = "Pods-Mapwatch.release.xcconfig"; path = "Pods/Target Support Files/Pods-Mapwatch/Pods-Mapwatch.release.xcconfig"; sourceTree = "<group>"; };
		FFFCB2BB1F1E5FB90097A62D /* Mapwatch.app */ = {isa = PBXFileReference; explicitFileType = wrapper.application; includeInIndex = 0; path = Mapwatch.app; sourceTree = BUILT_PRODUCTS_DIR; };
		FFFCB2BE1F1E5FB90097A62D /* AppDelegate.swift */ = {isa = PBXFileReference; lastKnownFileType = sourcecode.swift; path = AppDelegate.swift; sourceTree = "<group>"; };
		FFFCB2C31F1E5FB90097A62D /* Base */ = {isa = PBXFileReference; lastKnownFileType = file.storyboard; name = Base; path = Base.lproj/Main.storyboard; sourceTree = "<group>"; };
		FFFCB2C51F1E5FB90097A62D /* Assets.xcassets */ = {isa = PBXFileReference; lastKnownFileType = folder.assetcatalog; path = Assets.xcassets; sourceTree = "<group>"; };
		FFFCB2C81F1E5FB90097A62D /* Base */ = {isa = PBXFileReference; lastKnownFileType = file.storyboard; name = Base; path = Base.lproj/LaunchScreen.storyboard; sourceTree = "<group>"; };
		FFFCB2CA1F1E5FB90097A62D /* Info.plist */ = {isa = PBXFileReference; lastKnownFileType = text.plist.xml; path = Info.plist; sourceTree = "<group>"; };
		FFFCB2D11F1E634B0097A62D /* Base */ = {isa = PBXFileReference; lastKnownFileType = file.storyboard; name = Base; path = Base.lproj/MapView.storyboard; sourceTree = "<group>"; };
		FFFCB2D31F1E63C30097A62D /* MapViewController.swift */ = {isa = PBXFileReference; fileEncoding = 4; lastKnownFileType = sourcecode.swift; path = MapViewController.swift; sourceTree = "<group>"; };
		FFFCB2D71F1E640E0097A62D /* CoreLocation.framework */ = {isa = PBXFileReference; lastKnownFileType = wrapper.framework; name = CoreLocation.framework; path = System/Library/Frameworks/CoreLocation.framework; sourceTree = SDKROOT; };
		FFFCB2DC1F1E77250097A62D /* Base */ = {isa = PBXFileReference; lastKnownFileType = file.storyboard; name = Base; path = Base.lproj/Preference.storyboard; sourceTree = "<group>"; };
		FFFCB2DE1F1E91F50097A62D /* AddLocationsViewController.swift */ = {isa = PBXFileReference; fileEncoding = 4; lastKnownFileType = sourcecode.swift; path = AddLocationsViewController.swift; sourceTree = "<group>"; };
		FFFCB2EA1F1FA2480097A62D /* GoogleService-Info.plist */ = {isa = PBXFileReference; fileEncoding = 4; lastKnownFileType = text.plist.xml; path = "GoogleService-Info.plist"; sourceTree = "<group>"; };
		FFFCB2F71F1FAE180097A62D /* YelpClient.swift */ = {isa = PBXFileReference; fileEncoding = 4; lastKnownFileType = sourcecode.swift; path = YelpClient.swift; sourceTree = "<group>"; };
		FFFCB3141F1FB14E0097A62D /* Business.swift */ = {isa = PBXFileReference; fileEncoding = 4; lastKnownFileType = sourcecode.swift; path = Business.swift; sourceTree = "<group>"; };
		FFFCB3151F1FB14E0097A62D /* BusinesssAnnotation.swift */ = {isa = PBXFileReference; fileEncoding = 4; lastKnownFileType = sourcecode.swift; path = BusinesssAnnotation.swift; sourceTree = "<group>"; };
		FFFCB3241F1FE0DE0097A62D /* RestrictionViewController.swift */ = {isa = PBXFileReference; fileEncoding = 4; lastKnownFileType = sourcecode.swift; path = RestrictionViewController.swift; sourceTree = "<group>"; };
		FFFCB3261F1FE1250097A62D /* TableViewController.swift */ = {isa = PBXFileReference; fileEncoding = 4; lastKnownFileType = sourcecode.swift; path = TableViewController.swift; sourceTree = "<group>"; };
		FFFCB32B1F1FF5040097A62D /* Base */ = {isa = PBXFileReference; lastKnownFileType = file.storyboard; name = Base; path = Base.lproj/TableOfRestrictedFood.storyboard; sourceTree = "<group>"; };
		FFFCB3351F2024880097A62D /* CreateUsernameViewController.swift */ = {isa = PBXFileReference; fileEncoding = 4; lastKnownFileType = sourcecode.swift; name = CreateUsernameViewController.swift; path = Makestagram/CreateUsernameViewController.swift; sourceTree = "<group>"; };
		FFFCB3371F2024880097A62D /*  DatabaseReference+Location.swift */ = {isa = PBXFileReference; fileEncoding = 4; lastKnownFileType = sourcecode.swift; name = " DatabaseReference+Location.swift"; path = "Makestagram/Extensions/ DatabaseReference+Location.swift"; sourceTree = "<group>"; };
		FFFCB3381F2024880097A62D /* Storyboard+Utility.swift */ = {isa = PBXFileReference; fileEncoding = 4; lastKnownFileType = sourcecode.swift; name = "Storyboard+Utility.swift"; path = "Makestagram/Extensions/Storyboard+Utility.swift"; sourceTree = "<group>"; };
		FFFCB3401F2024880097A62D /* LoginViewController.swift */ = {isa = PBXFileReference; fileEncoding = 4; lastKnownFileType = sourcecode.swift; name = LoginViewController.swift; path = Makestagram/LoginViewController.swift; sourceTree = "<group>"; };
		FFFCB3441F2024880097A62D /* User.swift */ = {isa = PBXFileReference; fileEncoding = 4; lastKnownFileType = sourcecode.swift; name = User.swift; path = Makestagram/Models/User.swift; sourceTree = "<group>"; };
		FFFCB34B1F2024880097A62D /* UserService.swift */ = {isa = PBXFileReference; fileEncoding = 4; lastKnownFileType = sourcecode.swift; name = UserService.swift; path = Makestagram/Services/UserService.swift; sourceTree = "<group>"; };
		FFFCB3501F2024880097A62D /* Login.storyboard */ = {isa = PBXFileReference; fileEncoding = 4; lastKnownFileType = file.storyboard; name = Login.storyboard; path = Makestagram/Storyboards/Login.storyboard; sourceTree = "<group>"; };
		FFFCB3791F2025DF0097A62D /* Constants.swift */ = {isa = PBXFileReference; fileEncoding = 4; lastKnownFileType = sourcecode.swift; path = Constants.swift; sourceTree = "<group>"; };
/* End PBXFileReference section */

/* Begin PBXFrameworksBuildPhase section */
		FFFCB2B81F1E5FB90097A62D /* Frameworks */ = {
			isa = PBXFrameworksBuildPhase;
			buildActionMask = 2147483647;
			files = (
				FFFCB2D81F1E640E0097A62D /* CoreLocation.framework in Frameworks */,
				2A37F39AEFE5AB98B9C0A412 /* Pods_Mapwatch.framework in Frameworks */,
			);
			runOnlyForDeploymentPostprocessing = 0;
		};
/* End PBXFrameworksBuildPhase section */

/* Begin PBXGroup section */
		1CC4E6D61838C21DD188A974 /* Pods */ = {
			isa = PBXGroup;
			children = (
				A00DC3A7E9905391225CFFBF /* Pods-Mapwatch.debug.xcconfig */,
				CA3304751C525E67FFCE7AB5 /* Pods-Mapwatch.release.xcconfig */,
			);
			name = Pods;
			sourceTree = "<group>";
		};
		6F805EE07D32CE86705B9591 /* Frameworks */ = {
			isa = PBXGroup;
			children = (
				FFFCB2D71F1E640E0097A62D /* CoreLocation.framework */,
				0B4B7A6CEAE6C0D4AB1956F1 /* Pods_Mapwatch.framework */,
			);
			name = Frameworks;
			sourceTree = "<group>";
		};
		FFFCB2B21F1E5FB90097A62D = {
			isa = PBXGroup;
			children = (
				FFFCB2BD1F1E5FB90097A62D /* Mapwatch */,
				FFFCB2BC1F1E5FB90097A62D /* Products */,
				1CC4E6D61838C21DD188A974 /* Pods */,
				6F805EE07D32CE86705B9591 /* Frameworks */,
			);
			sourceTree = "<group>";
		};
		FFFCB2BC1F1E5FB90097A62D /* Products */ = {
			isa = PBXGroup;
			children = (
				FFFCB2BB1F1E5FB90097A62D /* Mapwatch.app */,
			);
			name = Products;
			sourceTree = "<group>";
		};
		FFFCB2BD1F1E5FB90097A62D /* Mapwatch */ = {
			isa = PBXGroup;
			children = (
				FFFCB2BE1F1E5FB90097A62D /* AppDelegate.swift */,
				FFFCB32F1F201FAE0097A62D /* ViewController */,
				FFFCB32E1F201F9C0097A62D /* Storyboard */,
				FFFCB32D1F201F6E0097A62D /* Yelp */,
				FFFCB2C51F1E5FB90097A62D /* Assets.xcassets */,
				FFFCB2CA1F1E5FB90097A62D /* Info.plist */,
				FFFCB37B1F2027540097A62D /* Firebase bs */,
				FFFCB2EA1F1FA2480097A62D /* GoogleService-Info.plist */,
				FFFCB2C71F1E5FB90097A62D /* LaunchScreen.storyboard */,
			);
			path = Mapwatch;
			sourceTree = "<group>";
		};
		FFFCB32D1F201F6E0097A62D /* Yelp */ = {
			isa = PBXGroup;
			children = (
				FFFCB2F71F1FAE180097A62D /* YelpClient.swift */,
				FFFCB3141F1FB14E0097A62D /* Business.swift */,
				FFFCB3151F1FB14E0097A62D /* BusinesssAnnotation.swift */,
			);
			name = Yelp;
			sourceTree = "<group>";
		};
		FFFCB32E1F201F9C0097A62D /* Storyboard */ = {
			isa = PBXGroup;
			children = (
				FFFCB2C21F1E5FB90097A62D /* Main.storyboard */,
				FFFCB32A1F1FF5040097A62D /* TableOfRestrictedFood.storyboard */,
				FFFCB2DB1F1E77250097A62D /* Preference.storyboard */,
				FFFCB2D01F1E634B0097A62D /* MapView.storyboard */,
			);
			name = Storyboard;
			sourceTree = "<group>";
		};
		FFFCB32F1F201FAE0097A62D /* ViewController */ = {
			isa = PBXGroup;
			children = (
				FFFCB3241F1FE0DE0097A62D /* RestrictionViewController.swift */,
				FFFCB3261F1FE1250097A62D /* TableViewController.swift */,
				FFFCB2DE1F1E91F50097A62D /* AddLocationsViewController.swift */,
				FFFCB2D31F1E63C30097A62D /* MapViewController.swift */,
			);
			name = ViewController;
			sourceTree = "<group>";
		};
		FFFCB37B1F2027540097A62D /* Firebase bs */ = {
			isa = PBXGroup;
			children = (
				FFFCB3791F2025DF0097A62D /* Constants.swift */,
				FFFCB3351F2024880097A62D /* CreateUsernameViewController.swift */,
				FFFCB3371F2024880097A62D /*  DatabaseReference+Location.swift */,
				FFFCB3381F2024880097A62D /* Storyboard+Utility.swift */,
				FFFCB3441F2024880097A62D /* User.swift */,
				FFFCB3401F2024880097A62D /* LoginViewController.swift */,
				FFFCB34B1F2024880097A62D /* UserService.swift */,
				FFFCB3501F2024880097A62D /* Login.storyboard */,
			);
			name = "Firebase bs";
			sourceTree = "<group>";
		};
/* End PBXGroup section */

/* Begin PBXNativeTarget section */
		FFFCB2BA1F1E5FB90097A62D /* Mapwatch */ = {
			isa = PBXNativeTarget;
			buildConfigurationList = FFFCB2CD1F1E5FB90097A62D /* Build configuration list for PBXNativeTarget "Mapwatch" */;
			buildPhases = (
				442BD3197511ABCA4AE6CFEB /* [CP] Check Pods Manifest.lock */,
				FFFCB2B71F1E5FB90097A62D /* Sources */,
				FFFCB2B81F1E5FB90097A62D /* Frameworks */,
				FFFCB2B91F1E5FB90097A62D /* Resources */,
				C13CDF7474D3CEDAA5A8EE48 /* [CP] Embed Pods Frameworks */,
				30F9F40889D843B679453F31 /* [CP] Copy Pods Resources */,
			);
			buildRules = (
			);
			dependencies = (
			);
			name = Mapwatch;
			productName = Mapwatch;
			productReference = FFFCB2BB1F1E5FB90097A62D /* Mapwatch.app */;
			productType = "com.apple.product-type.application";
		};
/* End PBXNativeTarget section */

/* Begin PBXProject section */
		FFFCB2B31F1E5FB90097A62D /* Project object */ = {
			isa = PBXProject;
			attributes = {
				LastSwiftUpdateCheck = 0830;
				LastUpgradeCheck = 0830;
				ORGANIZATIONNAME = JoeSuzuki;
				TargetAttributes = {
					FFFCB2BA1F1E5FB90097A62D = {
						CreatedOnToolsVersion = 8.3.2;
						DevelopmentTeam = URE62YMM2S;
						ProvisioningStyle = Automatic;
					};
				};
			};
			buildConfigurationList = FFFCB2B61F1E5FB90097A62D /* Build configuration list for PBXProject "Mapwatch" */;
			compatibilityVersion = "Xcode 3.2";
			developmentRegion = English;
			hasScannedForEncodings = 0;
			knownRegions = (
				en,
				Base,
			);
			mainGroup = FFFCB2B21F1E5FB90097A62D;
			productRefGroup = FFFCB2BC1F1E5FB90097A62D /* Products */;
			projectDirPath = "";
			projectRoot = "";
			targets = (
				FFFCB2BA1F1E5FB90097A62D /* Mapwatch */,
			);
		};
/* End PBXProject section */

/* Begin PBXResourcesBuildPhase section */
		FFFCB2B91F1E5FB90097A62D /* Resources */ = {
			isa = PBXResourcesBuildPhase;
			buildActionMask = 2147483647;
			files = (
				FFFCB2C91F1E5FB90097A62D /* LaunchScreen.storyboard in Resources */,
				FFFCB2C61F1E5FB90097A62D /* Assets.xcassets in Resources */,
				FFFCB32C1F1FF5040097A62D /* TableOfRestrictedFood.storyboard in Resources */,
				FFFCB2DD1F1E77250097A62D /* Preference.storyboard in Resources */,
				FFFCB2D21F1E634B0097A62D /* MapView.storyboard in Resources */,
				FFFCB2C41F1E5FB90097A62D /* Main.storyboard in Resources */,
				FFFCB2EB1F1FA2480097A62D /* GoogleService-Info.plist in Resources */,
				FFFCB3721F2024880097A62D /* Login.storyboard in Resources */,
			);
			runOnlyForDeploymentPostprocessing = 0;
		};
/* End PBXResourcesBuildPhase section */

/* Begin PBXShellScriptBuildPhase section */
		30F9F40889D843B679453F31 /* [CP] Copy Pods Resources */ = {
			isa = PBXShellScriptBuildPhase;
			buildActionMask = 2147483647;
			files = (
			);
			inputPaths = (
			);
			name = "[CP] Copy Pods Resources";
			outputPaths = (
			);
			runOnlyForDeploymentPostprocessing = 0;
			shellPath = /bin/sh;
			shellScript = "\"${SRCROOT}/Pods/Target Support Files/Pods-Mapwatch/Pods-Mapwatch-resources.sh\"\n";
			showEnvVarsInLog = 0;
		};
		442BD3197511ABCA4AE6CFEB /* [CP] Check Pods Manifest.lock */ = {
			isa = PBXShellScriptBuildPhase;
			buildActionMask = 2147483647;
			files = (
			);
			inputPaths = (
			);
			name = "[CP] Check Pods Manifest.lock";
			outputPaths = (
			);
			runOnlyForDeploymentPostprocessing = 0;
			shellPath = /bin/sh;
			shellScript = "diff \"${PODS_PODFILE_DIR_PATH}/Podfile.lock\" \"${PODS_ROOT}/Manifest.lock\" > /dev/null\nif [ $? != 0 ] ; then\n    # print error to STDERR\n    echo \"error: The sandbox is not in sync with the Podfile.lock. Run 'pod install' or update your CocoaPods installation.\" >&2\n    exit 1\nfi\n";
			showEnvVarsInLog = 0;
		};
		C13CDF7474D3CEDAA5A8EE48 /* [CP] Embed Pods Frameworks */ = {
			isa = PBXShellScriptBuildPhase;
			buildActionMask = 2147483647;
			files = (
			);
			inputPaths = (
			);
			name = "[CP] Embed Pods Frameworks";
			outputPaths = (
			);
			runOnlyForDeploymentPostprocessing = 0;
			shellPath = /bin/sh;
			shellScript = "\"${SRCROOT}/Pods/Target Support Files/Pods-Mapwatch/Pods-Mapwatch-frameworks.sh\"\n";
			showEnvVarsInLog = 0;
		};
/* End PBXShellScriptBuildPhase section */

/* Begin PBXSourcesBuildPhase section */
		FFFCB2B71F1E5FB90097A62D /* Sources */ = {
			isa = PBXSourcesBuildPhase;
			buildActionMask = 2147483647;
			files = (
				FFFCB2F81F1FAE180097A62D /* YelpClient.swift in Sources */,
				FFFCB3271F1FE1250097A62D /* TableViewController.swift in Sources */,
				FFFCB3681F2024880097A62D /* User.swift in Sources */,
				FFFCB3171F1FB14E0097A62D /* BusinesssAnnotation.swift in Sources */,
				FFFCB2BF1F1E5FB90097A62D /* AppDelegate.swift in Sources */,
				FFFCB37A1F2025DF0097A62D /* Constants.swift in Sources */,
				FFFCB2DF1F1E91F50097A62D /* AddLocationsViewController.swift in Sources */,
				FFFCB3651F2024880097A62D /* LoginViewController.swift in Sources */,
				FFFCB36E1F2024880097A62D /* UserService.swift in Sources */,
				FFFCB35E1F2024880097A62D /* Storyboard+Utility.swift in Sources */,
				FFFCB35C1F2024880097A62D /* CreateUsernameViewController.swift in Sources */,
				FFFCB3161F1FB14E0097A62D /* Business.swift in Sources */,
				FFFCB2D41F1E63C30097A62D /* MapViewController.swift in Sources */,
				FFFCB35D1F2024880097A62D /*  DatabaseReference+Location.swift in Sources */,
				FFFCB3251F1FE0DE0097A62D /* RestrictionViewController.swift in Sources */,
			);
			runOnlyForDeploymentPostprocessing = 0;
		};
/* End PBXSourcesBuildPhase section */

/* Begin PBXVariantGroup section */
		FFFCB2C21F1E5FB90097A62D /* Main.storyboard */ = {
			isa = PBXVariantGroup;
			children = (
				FFFCB2C31F1E5FB90097A62D /* Base */,
			);
			name = Main.storyboard;
			sourceTree = "<group>";
		};
		FFFCB2C71F1E5FB90097A62D /* LaunchScreen.storyboard */ = {
			isa = PBXVariantGroup;
			children = (
				FFFCB2C81F1E5FB90097A62D /* Base */,
			);
			name = LaunchScreen.storyboard;
			sourceTree = "<group>";
		};
		FFFCB2D01F1E634B0097A62D /* MapView.storyboard */ = {
			isa = PBXVariantGroup;
			children = (
				FFFCB2D11F1E634B0097A62D /* Base */,
			);
			name = MapView.storyboard;
			sourceTree = "<group>";
		};
		FFFCB2DB1F1E77250097A62D /* Preference.storyboard */ = {
			isa = PBXVariantGroup;
			children = (
				FFFCB2DC1F1E77250097A62D /* Base */,
			);
			name = Preference.storyboard;
			sourceTree = "<group>";
		};
		FFFCB32A1F1FF5040097A62D /* TableOfRestrictedFood.storyboard */ = {
			isa = PBXVariantGroup;
			children = (
				FFFCB32B1F1FF5040097A62D /* Base */,
			);
			name = TableOfRestrictedFood.storyboard;
			sourceTree = "<group>";
		};
/* End PBXVariantGroup section */

/* Begin XCBuildConfiguration section */
		FFFCB2CB1F1E5FB90097A62D /* Debug */ = {
			isa = XCBuildConfiguration;
			buildSettings = {
				ALWAYS_SEARCH_USER_PATHS = NO;
				CLANG_ANALYZER_NONNULL = YES;
				CLANG_ANALYZER_NUMBER_OBJECT_CONVERSION = YES_AGGRESSIVE;
				CLANG_CXX_LANGUAGE_STANDARD = "gnu++0x";
				CLANG_CXX_LIBRARY = "libc++";
				CLANG_ENABLE_MODULES = YES;
				CLANG_ENABLE_OBJC_ARC = YES;
				CLANG_WARN_BOOL_CONVERSION = YES;
				CLANG_WARN_CONSTANT_CONVERSION = YES;
				CLANG_WARN_DIRECT_OBJC_ISA_USAGE = YES_ERROR;
				CLANG_WARN_DOCUMENTATION_COMMENTS = YES;
				CLANG_WARN_EMPTY_BODY = YES;
				CLANG_WARN_ENUM_CONVERSION = YES;
				CLANG_WARN_INFINITE_RECURSION = YES;
				CLANG_WARN_INT_CONVERSION = YES;
				CLANG_WARN_OBJC_ROOT_CLASS = YES_ERROR;
				CLANG_WARN_SUSPICIOUS_MOVE = YES;
				CLANG_WARN_UNREACHABLE_CODE = YES;
				CLANG_WARN__DUPLICATE_METHOD_MATCH = YES;
				"CODE_SIGN_IDENTITY[sdk=iphoneos*]" = "iPhone Developer";
				COPY_PHASE_STRIP = NO;
				DEBUG_INFORMATION_FORMAT = dwarf;
				ENABLE_STRICT_OBJC_MSGSEND = YES;
				ENABLE_TESTABILITY = YES;
				GCC_C_LANGUAGE_STANDARD = gnu99;
				GCC_DYNAMIC_NO_PIC = NO;
				GCC_NO_COMMON_BLOCKS = YES;
				GCC_OPTIMIZATION_LEVEL = 0;
				GCC_PREPROCESSOR_DEFINITIONS = (
					"DEBUG=1",
					"$(inherited)",
				);
				GCC_WARN_64_TO_32_BIT_CONVERSION = YES;
				GCC_WARN_ABOUT_RETURN_TYPE = YES_ERROR;
				GCC_WARN_UNDECLARED_SELECTOR = YES;
				GCC_WARN_UNINITIALIZED_AUTOS = YES_AGGRESSIVE;
				GCC_WARN_UNUSED_FUNCTION = YES;
				GCC_WARN_UNUSED_VARIABLE = YES;
				IPHONEOS_DEPLOYMENT_TARGET = 10.3;
				MTL_ENABLE_DEBUG_INFO = YES;
				ONLY_ACTIVE_ARCH = YES;
				SDKROOT = iphoneos;
				SWIFT_ACTIVE_COMPILATION_CONDITIONS = DEBUG;
				SWIFT_OPTIMIZATION_LEVEL = "-Onone";
			};
			name = Debug;
		};
		FFFCB2CC1F1E5FB90097A62D /* Release */ = {
			isa = XCBuildConfiguration;
			buildSettings = {
				ALWAYS_SEARCH_USER_PATHS = NO;
				CLANG_ANALYZER_NONNULL = YES;
				CLANG_ANALYZER_NUMBER_OBJECT_CONVERSION = YES_AGGRESSIVE;
				CLANG_CXX_LANGUAGE_STANDARD = "gnu++0x";
				CLANG_CXX_LIBRARY = "libc++";
				CLANG_ENABLE_MODULES = YES;
				CLANG_ENABLE_OBJC_ARC = YES;
				CLANG_WARN_BOOL_CONVERSION = YES;
				CLANG_WARN_CONSTANT_CONVERSION = YES;
				CLANG_WARN_DIRECT_OBJC_ISA_USAGE = YES_ERROR;
				CLANG_WARN_DOCUMENTATION_COMMENTS = YES;
				CLANG_WARN_EMPTY_BODY = YES;
				CLANG_WARN_ENUM_CONVERSION = YES;
				CLANG_WARN_INFINITE_RECURSION = YES;
				CLANG_WARN_INT_CONVERSION = YES;
				CLANG_WARN_OBJC_ROOT_CLASS = YES_ERROR;
				CLANG_WARN_SUSPICIOUS_MOVE = YES;
				CLANG_WARN_UNREACHABLE_CODE = YES;
				CLANG_WARN__DUPLICATE_METHOD_MATCH = YES;
				"CODE_SIGN_IDENTITY[sdk=iphoneos*]" = "iPhone Developer";
				COPY_PHASE_STRIP = NO;
				DEBUG_INFORMATION_FORMAT = "dwarf-with-dsym";
				ENABLE_NS_ASSERTIONS = NO;
				ENABLE_STRICT_OBJC_MSGSEND = YES;
				GCC_C_LANGUAGE_STANDARD = gnu99;
				GCC_NO_COMMON_BLOCKS = YES;
				GCC_WARN_64_TO_32_BIT_CONVERSION = YES;
				GCC_WARN_ABOUT_RETURN_TYPE = YES_ERROR;
				GCC_WARN_UNDECLARED_SELECTOR = YES;
				GCC_WARN_UNINITIALIZED_AUTOS = YES_AGGRESSIVE;
				GCC_WARN_UNUSED_FUNCTION = YES;
				GCC_WARN_UNUSED_VARIABLE = YES;
				IPHONEOS_DEPLOYMENT_TARGET = 10.3;
				MTL_ENABLE_DEBUG_INFO = NO;
				SDKROOT = iphoneos;
				SWIFT_OPTIMIZATION_LEVEL = "-Owholemodule";
				VALIDATE_PRODUCT = YES;
			};
			name = Release;
		};
		FFFCB2CE1F1E5FB90097A62D /* Debug */ = {
			isa = XCBuildConfiguration;
			baseConfigurationReference = A00DC3A7E9905391225CFFBF /* Pods-Mapwatch.debug.xcconfig */;
			buildSettings = {
				ASSETCATALOG_COMPILER_APPICON_NAME = AppIcon;
				DEVELOPMENT_TEAM = URE62YMM2S;
				INFOPLIST_FILE = Mapwatch/Info.plist;
				LD_RUNPATH_SEARCH_PATHS = "$(inherited) @executable_path/Frameworks";
				PRODUCT_BUNDLE_IDENTIFIER = com.JSuzuki.Mapwatch;
				PRODUCT_NAME = "$(TARGET_NAME)";
				SWIFT_VERSION = 3.0;
			};
			name = Debug;
		};
		FFFCB2CF1F1E5FB90097A62D /* Release */ = {
			isa = XCBuildConfiguration;
			baseConfigurationReference = CA3304751C525E67FFCE7AB5 /* Pods-Mapwatch.release.xcconfig */;
			buildSettings = {
				ASSETCATALOG_COMPILER_APPICON_NAME = AppIcon;
				DEVELOPMENT_TEAM = URE62YMM2S;
				INFOPLIST_FILE = Mapwatch/Info.plist;
				LD_RUNPATH_SEARCH_PATHS = "$(inherited) @executable_path/Frameworks";
				PRODUCT_BUNDLE_IDENTIFIER = com.JSuzuki.Mapwatch;
				PRODUCT_NAME = "$(TARGET_NAME)";
				SWIFT_VERSION = 3.0;
			};
			name = Release;
		};
/* End XCBuildConfiguration section */

/* Begin XCConfigurationList section */
		FFFCB2B61F1E5FB90097A62D /* Build configuration list for PBXProject "Mapwatch" */ = {
			isa = XCConfigurationList;
			buildConfigurations = (
				FFFCB2CB1F1E5FB90097A62D /* Debug */,
				FFFCB2CC1F1E5FB90097A62D /* Release */,
			);
			defaultConfigurationIsVisible = 0;
			defaultConfigurationName = Release;
		};
		FFFCB2CD1F1E5FB90097A62D /* Build configuration list for PBXNativeTarget "Mapwatch" */ = {
			isa = XCConfigurationList;
			buildConfigurations = (
				FFFCB2CE1F1E5FB90097A62D /* Debug */,
				FFFCB2CF1F1E5FB90097A62D /* Release */,
			);
			defaultConfigurationIsVisible = 0;
			defaultConfigurationName = Release;
		};
/* End XCConfigurationList section */
	};
	rootObject = FFFCB2B31F1E5FB90097A62D /* Project object */;
}
